// !$*UTF8*$!
{
	archiveVersion = 1;
	classes = {
	};
	objectVersion = 50;
	objects = {

/* Begin PBXBuildFile section */
		1C04397F20F21A6D00C31E1A /* NSTableRowView+Extension.m in Sources */ = {isa = PBXBuildFile; fileRef = 1C04397E20F21A6D00C31E1A /* NSTableRowView+Extension.m */; };
		1C98D1BF20EF5D50000B21A2 /* AppDelegate.m in Sources */ = {isa = PBXBuildFile; fileRef = 1C98D1BE20EF5D50000B21A2 /* AppDelegate.m */; };
		1C98D1C220EF5D50000B21A2 /* MainViewController.m in Sources */ = {isa = PBXBuildFile; fileRef = 1C98D1C120EF5D50000B21A2 /* MainViewController.m */; };
		1C98D1C420EF5D52000B21A2 /* Assets.xcassets in Resources */ = {isa = PBXBuildFile; fileRef = 1C98D1C320EF5D52000B21A2 /* Assets.xcassets */; };
		1C98D1C720EF5D52000B21A2 /* Main.storyboard in Resources */ = {isa = PBXBuildFile; fileRef = 1C98D1C520EF5D52000B21A2 /* Main.storyboard */; };
		1C98D1CA20EF5D52000B21A2 /* main.m in Sources */ = {isa = PBXBuildFile; fileRef = 1C98D1C920EF5D52000B21A2 /* main.m */; };
		1C98D1D420F1E3EB000B21A2 /* NSView+Extension.m in Sources */ = {isa = PBXBuildFile; fileRef = 1C98D1D320F1E3EB000B21A2 /* NSView+Extension.m */; };
		1C98D1D920F1E55E000B21A2 /* NSColor+app_Extension.m in Sources */ = {isa = PBXBuildFile; fileRef = 1C98D1D820F1E55E000B21A2 /* NSColor+app_Extension.m */; };
		1C98D1DE20F21581000B21A2 /* SubTitleTableCellView.m in Sources */ = {isa = PBXBuildFile; fileRef = 1C98D1DD20F21581000B21A2 /* SubTitleTableCellView.m */; };
		1C98D1E020F215A1000B21A2 /* SubTitleTableCellView.xib in Resources */ = {isa = PBXBuildFile; fileRef = 1C98D1DF20F215A1000B21A2 /* SubTitleTableCellView.xib */; };
/* End PBXBuildFile section */

/* Begin PBXFileReference section */
		1C04397D20F21A6D00C31E1A /* NSTableRowView+Extension.h */ = {isa = PBXFileReference; lastKnownFileType = sourcecode.c.h; path = "NSTableRowView+Extension.h"; sourceTree = "<group>"; };
		1C04397E20F21A6D00C31E1A /* NSTableRowView+Extension.m */ = {isa = PBXFileReference; lastKnownFileType = sourcecode.c.objc; path = "NSTableRowView+Extension.m"; sourceTree = "<group>"; };
		1C98D1BA20EF5D50000B21A2 /* YPAPPMonitorViewer.app */ = {isa = PBXFileReference; explicitFileType = wrapper.application; includeInIndex = 0; path = YPAPPMonitorViewer.app; sourceTree = BUILT_PRODUCTS_DIR; };
		1C98D1BD20EF5D50000B21A2 /* AppDelegate.h */ = {isa = PBXFileReference; lastKnownFileType = sourcecode.c.h; path = AppDelegate.h; sourceTree = "<group>"; };
		1C98D1BE20EF5D50000B21A2 /* AppDelegate.m */ = {isa = PBXFileReference; lastKnownFileType = sourcecode.c.objc; path = AppDelegate.m; sourceTree = "<group>"; };
		1C98D1C020EF5D50000B21A2 /* MainViewController.h */ = {isa = PBXFileReference; lastKnownFileType = sourcecode.c.h; path = MainViewController.h; sourceTree = "<group>"; };
		1C98D1C120EF5D50000B21A2 /* MainViewController.m */ = {isa = PBXFileReference; lastKnownFileType = sourcecode.c.objc; path = MainViewController.m; sourceTree = "<group>"; };
		1C98D1C320EF5D52000B21A2 /* Assets.xcassets */ = {isa = PBXFileReference; lastKnownFileType = folder.assetcatalog; path = Assets.xcassets; sourceTree = "<group>"; };
		1C98D1C620EF5D52000B21A2 /* Base */ = {isa = PBXFileReference; lastKnownFileType = file.storyboard; name = Base; path = Base.lproj/Main.storyboard; sourceTree = "<group>"; };
		1C98D1C820EF5D52000B21A2 /* Info.plist */ = {isa = PBXFileReference; lastKnownFileType = text.plist.xml; path = Info.plist; sourceTree = "<group>"; };
		1C98D1C920EF5D52000B21A2 /* main.m */ = {isa = PBXFileReference; lastKnownFileType = sourcecode.c.objc; path = main.m; sourceTree = "<group>"; };
		1C98D1CB20EF5D52000B21A2 /* YPAPPMonitorViewer.entitlements */ = {isa = PBXFileReference; lastKnownFileType = text.plist.entitlements; path = YPAPPMonitorViewer.entitlements; sourceTree = "<group>"; };
		1C98D1D220F1E3EB000B21A2 /* NSView+Extension.h */ = {isa = PBXFileReference; lastKnownFileType = sourcecode.c.h; path = "NSView+Extension.h"; sourceTree = "<group>"; };
		1C98D1D320F1E3EB000B21A2 /* NSView+Extension.m */ = {isa = PBXFileReference; lastKnownFileType = sourcecode.c.objc; path = "NSView+Extension.m"; sourceTree = "<group>"; };
		1C98D1D520F1E4B7000B21A2 /* Extension.h */ = {isa = PBXFileReference; lastKnownFileType = sourcecode.c.h; path = Extension.h; sourceTree = "<group>"; };
		1C98D1D720F1E55E000B21A2 /* NSColor+app_Extension.h */ = {isa = PBXFileReference; lastKnownFileType = sourcecode.c.h; path = "NSColor+app_Extension.h"; sourceTree = "<group>"; };
		1C98D1D820F1E55E000B21A2 /* NSColor+app_Extension.m */ = {isa = PBXFileReference; lastKnownFileType = sourcecode.c.objc; path = "NSColor+app_Extension.m"; sourceTree = "<group>"; };
		1C98D1DA20F1E573000B21A2 /* APPExtension.h */ = {isa = PBXFileReference; lastKnownFileType = sourcecode.c.h; path = APPExtension.h; sourceTree = "<group>"; };
		1C98D1DC20F21581000B21A2 /* SubTitleTableCellView.h */ = {isa = PBXFileReference; lastKnownFileType = sourcecode.c.h; path = SubTitleTableCellView.h; sourceTree = "<group>"; };
		1C98D1DD20F21581000B21A2 /* SubTitleTableCellView.m */ = {isa = PBXFileReference; lastKnownFileType = sourcecode.c.objc; path = SubTitleTableCellView.m; sourceTree = "<group>"; };
		1C98D1DF20F215A1000B21A2 /* SubTitleTableCellView.xib */ = {isa = PBXFileReference; lastKnownFileType = file.xib; path = SubTitleTableCellView.xib; sourceTree = "<group>"; };
/* End PBXFileReference section */

/* Begin PBXFrameworksBuildPhase section */
		1C98D1B720EF5D50000B21A2 /* Frameworks */ = {
			isa = PBXFrameworksBuildPhase;
			buildActionMask = 2147483647;
			files = (
			);
			runOnlyForDeploymentPostprocessing = 0;
		};
/* End PBXFrameworksBuildPhase section */

/* Begin PBXGroup section */
		1C98D1B120EF5D50000B21A2 = {
			isa = PBXGroup;
			children = (
				1C98D1BC20EF5D50000B21A2 /* YPAPPMonitorViewer */,
				1C98D1BB20EF5D50000B21A2 /* Products */,
			);
			sourceTree = "<group>";
		};
		1C98D1BB20EF5D50000B21A2 /* Products */ = {
			isa = PBXGroup;
			children = (
				1C98D1BA20EF5D50000B21A2 /* YPAPPMonitorViewer.app */,
			);
			name = Products;
			sourceTree = "<group>";
		};
		1C98D1BC20EF5D50000B21A2 /* YPAPPMonitorViewer */ = {
			isa = PBXGroup;
			children = (
				1C98D1DB20F2148A000B21A2 /* View */,
				1C98D1D620F1E53C000B21A2 /* APPExtension */,
				1C98D1D120F1E3B0000B21A2 /* Extension */,
				1C98D1BD20EF5D50000B21A2 /* AppDelegate.h */,
				1C98D1BE20EF5D50000B21A2 /* AppDelegate.m */,
				1C98D1C020EF5D50000B21A2 /* MainViewController.h */,
				1C98D1C120EF5D50000B21A2 /* MainViewController.m */,
				1C98D1C320EF5D52000B21A2 /* Assets.xcassets */,
				1C98D1C520EF5D52000B21A2 /* Main.storyboard */,
				1C98D1C820EF5D52000B21A2 /* Info.plist */,
				1C98D1C920EF5D52000B21A2 /* main.m */,
				1C98D1CB20EF5D52000B21A2 /* YPAPPMonitorViewer.entitlements */,
			);
			path = YPAPPMonitorViewer;
			sourceTree = "<group>";
		};
		1C98D1D120F1E3B0000B21A2 /* Extension */ = {
			isa = PBXGroup;
			children = (
				1C04397D20F21A6D00C31E1A /* NSTableRowView+Extension.h */,
				1C04397E20F21A6D00C31E1A /* NSTableRowView+Extension.m */,
				1C98D1D220F1E3EB000B21A2 /* NSView+Extension.h */,
				1C98D1D320F1E3EB000B21A2 /* NSView+Extension.m */,
				1C98D1D520F1E4B7000B21A2 /* Extension.h */,
			);
			path = Extension;
			sourceTree = "<group>";
		};
		1C98D1D620F1E53C000B21A2 /* APPExtension */ = {
			isa = PBXGroup;
			children = (
				1C98D1D720F1E55E000B21A2 /* NSColor+app_Extension.h */,
				1C98D1D820F1E55E000B21A2 /* NSColor+app_Extension.m */,
				1C98D1DA20F1E573000B21A2 /* APPExtension.h */,
			);
			path = APPExtension;
			sourceTree = "<group>";
		};
		1C98D1DB20F2148A000B21A2 /* View */ = {
			isa = PBXGroup;
			children = (
				1C98D1DC20F21581000B21A2 /* SubTitleTableCellView.h */,
				1C98D1DD20F21581000B21A2 /* SubTitleTableCellView.m */,
				1C98D1DF20F215A1000B21A2 /* SubTitleTableCellView.xib */,
			);
			path = View;
			sourceTree = "<group>";
		};
/* End PBXGroup section */

/* Begin PBXNativeTarget section */
		1C98D1B920EF5D50000B21A2 /* YPAPPMonitorViewer */ = {
			isa = PBXNativeTarget;
			buildConfigurationList = 1C98D1CE20EF5D52000B21A2 /* Build configuration list for PBXNativeTarget "YPAPPMonitorViewer" */;
			buildPhases = (
				1C98D1B620EF5D50000B21A2 /* Sources */,
				1C98D1B720EF5D50000B21A2 /* Frameworks */,
				1C98D1B820EF5D50000B21A2 /* Resources */,
			);
			buildRules = (
			);
			dependencies = (
			);
			name = YPAPPMonitorViewer;
			productName = YPAPPMonitorViewer;
			productReference = 1C98D1BA20EF5D50000B21A2 /* YPAPPMonitorViewer.app */;
			productType = "com.apple.product-type.application";
		};
/* End PBXNativeTarget section */

/* Begin PBXProject section */
		1C98D1B220EF5D50000B21A2 /* Project object */ = {
			isa = PBXProject;
			attributes = {
				LastUpgradeCheck = 0940;
				ORGANIZATIONNAME = ZYP;
				TargetAttributes = {
					1C98D1B920EF5D50000B21A2 = {
						CreatedOnToolsVersion = 9.4.1;
					};
				};
			};
			buildConfigurationList = 1C98D1B520EF5D50000B21A2 /* Build configuration list for PBXProject "YPAPPMonitorViewer" */;
			compatibilityVersion = "Xcode 9.3";
			developmentRegion = en;
			hasScannedForEncodings = 0;
			knownRegions = (
				en,
				Base,
			);
			mainGroup = 1C98D1B120EF5D50000B21A2;
			productRefGroup = 1C98D1BB20EF5D50000B21A2 /* Products */;
			projectDirPath = "";
			projectRoot = "";
			targets = (
				1C98D1B920EF5D50000B21A2 /* YPAPPMonitorViewer */,
			);
		};
/* End PBXProject section */

/* Begin PBXResourcesBuildPhase section */
		1C98D1B820EF5D50000B21A2 /* Resources */ = {
			isa = PBXResourcesBuildPhase;
			buildActionMask = 2147483647;
			files = (
				1C98D1E020F215A1000B21A2 /* SubTitleTableCellView.xib in Resources */,
				1C98D1C420EF5D52000B21A2 /* Assets.xcassets in Resources */,
				1C98D1C720EF5D52000B21A2 /* Main.storyboard in Resources */,
			);
			runOnlyForDeploymentPostprocessing = 0;
		};
/* End PBXResourcesBuildPhase section */

/* Begin PBXSourcesBuildPhase section */
		1C98D1B620EF5D50000B21A2 /* Sources */ = {
			isa = PBXSourcesBuildPhase;
			buildActionMask = 2147483647;
			files = (
				1C98D1D420F1E3EB000B21A2 /* NSView+Extension.m in Sources */,
				1C98D1DE20F21581000B21A2 /* SubTitleTableCellView.m in Sources */,
				1C98D1C220EF5D50000B21A2 /* MainViewController.m in Sources */,
				1C98D1CA20EF5D52000B21A2 /* main.m in Sources */,
				1C04397F20F21A6D00C31E1A /* NSTableRowView+Extension.m in Sources */,
				1C98D1BF20EF5D50000B21A2 /* AppDelegate.m in Sources */,
				1C98D1D920F1E55E000B21A2 /* NSColor+app_Extension.m in Sources */,
			);
			runOnlyForDeploymentPostprocessing = 0;
		};
/* End PBXSourcesBuildPhase section */

/* Begin PBXVariantGroup section */
		1C98D1C520EF5D52000B21A2 /* Main.storyboard */ = {
			isa = PBXVariantGroup;
			children = (
				1C98D1C620EF5D52000B21A2 /* Base */,
			);
			name = Main.storyboard;
			sourceTree = "<group>";
		};
/* End PBXVariantGroup section */

/* Begin XCBuildConfiguration section */
		1C98D1CC20EF5D52000B21A2 /* Debug */ = {
			isa = XCBuildConfiguration;
			buildSettings = {
				ALWAYS_SEARCH_USER_PATHS = NO;
				CLANG_ANALYZER_NONNULL = YES;
				CLANG_ANALYZER_NUMBER_OBJECT_CONVERSION = YES_AGGRESSIVE;
				CLANG_CXX_LANGUAGE_STANDARD = "gnu++14";
				CLANG_CXX_LIBRARY = "libc++";
				CLANG_ENABLE_MODULES = YES;
				CLANG_ENABLE_OBJC_ARC = YES;
				CLANG_ENABLE_OBJC_WEAK = YES;
				CLANG_WARN_BLOCK_CAPTURE_AUTORELEASING = YES;
				CLANG_WARN_BOOL_CONVERSION = YES;
				CLANG_WARN_COMMA = YES;
				CLANG_WARN_CONSTANT_CONVERSION = YES;
				CLANG_WARN_DEPRECATED_OBJC_IMPLEMENTATIONS = YES;
				CLANG_WARN_DIRECT_OBJC_ISA_USAGE = YES_ERROR;
				CLANG_WARN_DOCUMENTATION_COMMENTS = YES;
				CLANG_WARN_EMPTY_BODY = YES;
				CLANG_WARN_ENUM_CONVERSION = YES;
				CLANG_WARN_INFINITE_RECURSION = YES;
				CLANG_WARN_INT_CONVERSION = YES;
				CLANG_WARN_NON_LITERAL_NULL_CONVERSION = YES;
				CLANG_WARN_OBJC_IMPLICIT_RETAIN_SELF = YES;
				CLANG_WARN_OBJC_LITERAL_CONVERSION = YES;
				CLANG_WARN_OBJC_ROOT_CLASS = YES_ERROR;
				CLANG_WARN_RANGE_LOOP_ANALYSIS = YES;
				CLANG_WARN_STRICT_PROTOTYPES = YES;
				CLANG_WARN_SUSPICIOUS_MOVE = YES;
				CLANG_WARN_UNGUARDED_AVAILABILITY = YES_AGGRESSIVE;
				CLANG_WARN_UNREACHABLE_CODE = YES;
				CLANG_WARN__DUPLICATE_METHOD_MATCH = YES;
				CODE_SIGN_IDENTITY = "Mac Developer";
				COPY_PHASE_STRIP = NO;
				DEBUG_INFORMATION_FORMAT = dwarf;
				ENABLE_STRICT_OBJC_MSGSEND = YES;
				ENABLE_TESTABILITY = YES;
				GCC_C_LANGUAGE_STANDARD = gnu11;
				GCC_DYNAMIC_NO_PIC = NO;
				GCC_NO_COMMON_BLOCKS = YES;
				GCC_OPTIMIZATION_LEVEL = 0;
				GCC_PREPROCESSOR_DEFINITIONS = (
					"DEBUG=1",
					"$(inherited)",
				);
				GCC_WARN_64_TO_32_BIT_CONVERSION = YES;
				GCC_WARN_ABOUT_RETURN_TYPE = YES_ERROR;
				GCC_WARN_UNDECLARED_SELECTOR = YES;
				GCC_WARN_UNINITIALIZED_AUTOS = YES_AGGRESSIVE;
				GCC_WARN_UNUSED_FUNCTION = YES;
				GCC_WARN_UNUSED_VARIABLE = YES;
				MACOSX_DEPLOYMENT_TARGET = 10.13;
				MTL_ENABLE_DEBUG_INFO = YES;
				ONLY_ACTIVE_ARCH = YES;
				SDKROOT = macosx;
			};
			name = Debug;
		};
		1C98D1CD20EF5D52000B21A2 /* Release */ = {
			isa = XCBuildConfiguration;
			buildSettings = {
				ALWAYS_SEARCH_USER_PATHS = NO;
				CLANG_ANALYZER_NONNULL = YES;
				CLANG_ANALYZER_NUMBER_OBJECT_CONVERSION = YES_AGGRESSIVE;
				CLANG_CXX_LANGUAGE_STANDARD = "gnu++14";
				CLANG_CXX_LIBRARY = "libc++";
				CLANG_ENABLE_MODULES = YES;
				CLANG_ENABLE_OBJC_ARC = YES;
				CLANG_ENABLE_OBJC_WEAK = YES;
				CLANG_WARN_BLOCK_CAPTURE_AUTORELEASING = YES;
				CLANG_WARN_BOOL_CONVERSION = YES;
				CLANG_WARN_COMMA = YES;
				CLANG_WARN_CONSTANT_CONVERSION = YES;
				CLANG_WARN_DEPRECATED_OBJC_IMPLEMENTATIONS = YES;
				CLANG_WARN_DIRECT_OBJC_ISA_USAGE = YES_ERROR;
				CLANG_WARN_DOCUMENTATION_COMMENTS = YES;
				CLANG_WARN_EMPTY_BODY = YES;
				CLANG_WARN_ENUM_CONVERSION = YES;
				CLANG_WARN_INFINITE_RECURSION = YES;
				CLANG_WARN_INT_CONVERSION = YES;
				CLANG_WARN_NON_LITERAL_NULL_CONVERSION = YES;
				CLANG_WARN_OBJC_IMPLICIT_RETAIN_SELF = YES;
				CLANG_WARN_OBJC_LITERAL_CONVERSION = YES;
				CLANG_WARN_OBJC_ROOT_CLASS = YES_ERROR;
				CLANG_WARN_RANGE_LOOP_ANALYSIS = YES;
				CLANG_WARN_STRICT_PROTOTYPES = YES;
				CLANG_WARN_SUSPICIOUS_MOVE = YES;
				CLANG_WARN_UNGUARDED_AVAILABILITY = YES_AGGRESSIVE;
				CLANG_WARN_UNREACHABLE_CODE = YES;
				CLANG_WARN__DUPLICATE_METHOD_MATCH = YES;
				CODE_SIGN_IDENTITY = "Mac Developer";
				COPY_PHASE_STRIP = NO;
				DEBUG_INFORMATION_FORMAT = "dwarf-with-dsym";
				ENABLE_NS_ASSERTIONS = NO;
				ENABLE_STRICT_OBJC_MSGSEND = YES;
				GCC_C_LANGUAGE_STANDARD = gnu11;
				GCC_NO_COMMON_BLOCKS = YES;
				GCC_WARN_64_TO_32_BIT_CONVERSION = YES;
				GCC_WARN_ABOUT_RETURN_TYPE = YES_ERROR;
				GCC_WARN_UNDECLARED_SELECTOR = YES;
				GCC_WARN_UNINITIALIZED_AUTOS = YES_AGGRESSIVE;
				GCC_WARN_UNUSED_FUNCTION = YES;
				GCC_WARN_UNUSED_VARIABLE = YES;
				MACOSX_DEPLOYMENT_TARGET = 10.13;
				MTL_ENABLE_DEBUG_INFO = NO;
				SDKROOT = macosx;
			};
			name = Release;
		};
		1C98D1CF20EF5D52000B21A2 /* Debug */ = {
			isa = XCBuildConfiguration;
			buildSettings = {
				ASSETCATALOG_COMPILER_APPICON_NAME = AppIcon;
				CODE_SIGN_ENTITLEMENTS = YPAPPMonitorViewer/YPAPPMonitorViewer.entitlements;
				CODE_SIGN_STYLE = Automatic;
				COMBINE_HIDPI_IMAGES = YES;
				DEVELOPMENT_TEAM = N46VGUZVN4;
				INFOPLIST_FILE = YPAPPMonitorViewer/Info.plist;
				LD_RUNPATH_SEARCH_PATHS = (
					"$(inherited)",
					"@executable_path/../Frameworks",
				);
				MACOSX_DEPLOYMENT_TARGET = 10.10;
				PRODUCT_BUNDLE_IDENTIFIER = ZYP.YPAPPMonitorViewer;
				PRODUCT_NAME = "$(TARGET_NAME)";
			};
			name = Debug;
		};
		1C98D1D020EF5D52000B21A2 /* Release */ = {
			isa = XCBuildConfiguration;
			buildSettings = {
				ASSETCATALOG_COMPILER_APPICON_NAME = AppIcon;
				CODE_SIGN_ENTITLEMENTS = YPAPPMonitorViewer/YPAPPMonitorViewer.entitlements;
				CODE_SIGN_STYLE = Automatic;
				COMBINE_HIDPI_IMAGES = YES;
				DEVELOPMENT_TEAM = N46VGUZVN4;
				INFOPLIST_FILE = YPAPPMonitorViewer/Info.plist;
				LD_RUNPATH_SEARCH_PATHS = (
					"$(inherited)",
					"@executable_path/../Frameworks",
				);
				MACOSX_DEPLOYMENT_TARGET = 10.10;
				PRODUCT_BUNDLE_IDENTIFIER = ZYP.YPAPPMonitorViewer;
				PRODUCT_NAME = "$(TARGET_NAME)";
			};
			name = Release;
		};
/* End XCBuildConfiguration section */

/* Begin XCConfigurationList section */
		1C98D1B520EF5D50000B21A2 /* Build configuration list for PBXProject "YPAPPMonitorViewer" */ = {
			isa = XCConfigurationList;
			buildConfigurations = (
				1C98D1CC20EF5D52000B21A2 /* Debug */,
				1C98D1CD20EF5D52000B21A2 /* Release */,
			);
			defaultConfigurationIsVisible = 0;
			defaultConfigurationName = Release;
		};
		1C98D1CE20EF5D52000B21A2 /* Build configuration list for PBXNativeTarget "YPAPPMonitorViewer" */ = {
			isa = XCConfigurationList;
			buildConfigurations = (
				1C98D1CF20EF5D52000B21A2 /* Debug */,
				1C98D1D020EF5D52000B21A2 /* Release */,
			);
			defaultConfigurationIsVisible = 0;
			defaultConfigurationName = Release;
		};
/* End XCConfigurationList section */
	};
	rootObject = 1C98D1B220EF5D50000B21A2 /* Project object */;
}
